
Microsoft Visual Studio Solution File, Format Version 12.00
# Visual Studio Version 16
VisualStudioVersion = 16.0.30028.174
MinimumVisualStudioVersion = 10.0.40219.1
Project("{9A19103F-16F7-4668-BE54-9A1E7A4F7556}") = "Oxitip", "Oxitip.csproj", "{7AD65C68-5D4B-4DC3-884D-2C4B2E3AAA18}"
EndProject
Global
	GlobalSection(SolutionConfigurationPlatforms) = preSolution
		Debug|Any CPU = Debug|Any CPU
		Release|Any CPU = Release|Any CPU
	EndGlobalSection
	GlobalSection(ProjectConfigurationPlatforms) = postSolution
		{7AD65C68-5D4B-4DC3-884D-2C4B2E3AAA18}.Debug|Any CPU.ActiveCfg = Debug|Any CPU
		{7AD65C68-5D4B-4DC3-884D-2C4B2E3AAA18}.Debug|Any CPU.Build.0 = Debug|Any CPU
		{7AD65C68-5D4B-4DC3-884D-2C4B2E3AAA18}.Release|Any CPU.ActiveCfg = Release|Any CPU
		{7AD65C68-5D4B-4DC3-884D-2C4B2E3AAA18}.Release|Any CPU.Build.0 = Release|Any CPU
	EndGlobalSection
	GlobalSection(SolutionProperties) = preSolution
		HideSolutionNode = FALSE
	EndGlobalSection
	GlobalSection(ExtensibilityGlobals) = postSolution
		SolutionGuid = {D38EC861-566C-4CFB-9546-32C0F201657B}
	EndGlobalSection
EndGlobal
